{
  "version": 4,
  "terraform_version": "1.14.2",
  "serial": 2,
  "lineage": "3a673046-7a15-adbc-5072-43c90b5774f5",
  "outputs": {
    "applied_tags_on_aws_resource": {
      "value": {
        "cost_center": "CC1234",
        "environment": "Production",
        "managed_by": "Terraform",
        "organization": "Parikshit",
        "owner": "Parikshit-Sharma",
        "project_name": "MegaApp"
      },
      "type": [
        "map",
        "string"
      ]
    },
    "vpc_id_mock_value": {
      "value": "vpc-74f1fe2c844725a5",
      "type": "string"
    }
  },
  "resources": [
    {
      "mode": "managed",
      "type": "random_id",
      "name": "vpc_id_simulator",
      "provider": "provider[\"registry.terraform.io/hashicorp/random\"]",
      "instances": [
        {
          "schema_version": 0,
          "attributes": {
            "b64_std": "dPH+LIRHJaU=",
            "b64_url": "dPH-LIRHJaU",
            "byte_length": 8,
            "dec": "8426795844938180005",
            "hex": "74f1fe2c844725a5",
            "id": "dPH-LIRHJaU",
            "keepers": null,
            "prefix": null
          },
          "sensitive_attributes": [],
          "identity_schema_version": 0
        }
      ]
    }
  ],
  "check_results": null
}
