{
  "version": 4,
  "terraform_version": "1.14.2",
  "serial": 1,
  "lineage": "80b1580e-d0af-1546-265e-8aa4fd7aa6c1",
  "outputs": {
    "fixed_s3_bucket_name": {
      "value": "mega-app-project-2025-prod-bucket",
      "type": "string"
    },
    "originalinput": {
      "value": "Mega App PROJECT 2025",
      "type": "string"
    }
  },
  "resources": [
    {
      "mode": "managed",
      "type": "random_id",
      "name": "bucket_suffix",
      "provider": "provider[\"registry.terraform.io/hashicorp/random\"]",
      "instances": [
        {
          "schema_version": 0,
          "attributes": {
            "b64_std": "7MJK4Q==",
            "b64_url": "7MJK4Q",
            "byte_length": 4,
            "dec": "3972156129",
            "hex": "ecc24ae1",
            "id": "7MJK4Q",
            "keepers": null,
            "prefix": null
          },
          "sensitive_attributes": [],
          "identity_schema_version": 0
        }
      ]
    }
  ],
  "check_results": null
}
